version = 1
revision = 1
requires-python = ">=3.10"

[[package]]
name = "git_evolution"
version = "0.1.0"
source = { virtual = "." }
dependencies = [
    { name = "plotly" },
]

[package.metadata]
requires-dist = [{ name = "plotly", specifier = ">=6.7.0" }]

[[package]]
name = "narwhals"
version = "2.21.2"
source = { registry = "https://pypi.org/simple" }
sdist = { url = "https://files.pythonhosted.org/packages/cf/a0/6198c56d42ef2f3c6ed0c42ba30dbcefdc86a91262d7d449010770ae085b/narwhals-2.21.2.tar.gz", hash = "sha256:5c5b2d0b47aef7c73ea412cfcbcd467f2f2d5be73e3c2ab19d78f4a97718790a", size = 632176 }
wheels = [
    { url = "https://files.pythonhosted.org/packages/1d/77/928ea2e70641ca177a11140062cc5840d421795f2e82749d408d0cce900a/narwhals-2.21.2-py3-none-any.whl", hash = "sha256:7bb57c3700486039215455b9bf2d64261915cc0fd845cc30272d631df696b251", size = 451201 },
]

[[package]]
name = "packaging"
version = "26.2"
source = { registry = "https://pypi.org/simple" }
sdist = { url = "https://files.pythonhosted.org/packages/d7/f1/e7a6dd94a8d4a5626c03e4e99c87f241ba9e350cd9e6d75123f992427270/packaging-26.2.tar.gz", hash = "sha256:ff452ff5a3e828ce110190feff1178bb1f2ea2281fa2075aadb987c2fb221661", size = 228134 }
wheels = [
    { url = "https://files.pythonhosted.org/packages/df/b2/87e62e8c3e2f4b32e5fe99e0b86d576da1312593b39f47d8ceef365e95ed/packaging-26.2-py3-none-any.whl", hash = "sha256:5fc45236b9446107ff2415ce77c807cee2862cb6fac22b8a73826d0693b0980e", size = 100195 },
]

[[package]]
name = "plotly"
version = "6.7.0"
source = { registry = "https://pypi.org/simple" }
dependencies = [
    { name = "narwhals" },
    { name = "packaging" },
]
sdist = { url = "https://files.pythonhosted.org/packages/3a/7f/0f100df1172aadf88a929a9dbb902656b0880ba4b960fe5224867159d8f4/plotly-6.7.0.tar.gz", hash = "sha256:45eea0ff27e2a23ccd62776f77eb43aa1ca03df4192b76036e380bb479b892c6", size = 6911286 }
wheels = [
    { url = "https://files.pythonhosted.org/packages/90/ad/cba91b3bcf04073e4d1655a5c1710ef3f457f56f7d1b79dcc3d72f4dd912/plotly-6.7.0-py3-none-any.whl", hash = "sha256:ac8aca1c25c663a59b5b9140a549264a5badde2e057d79b8c772ae2920e32ff0", size = 9898444 },
]
